
Microsoft Visual Studio Solution File, Format Version 12.00
# Visual Studio Version 16
VisualStudioVersion = 16.0.31402.337
MinimumVisualStudioVersion = 10.0.40219.1
Project("{9A19103F-16F7-4668-BE54-9A1E7A4F7556}") = "VoteApp.Business", "Business\VoteApp.Business.csproj", "{7A821450-96B5-47C1-AEF4-05EE44E5B93B}"
EndProject
Project("{9A19103F-16F7-4668-BE54-9A1E7A4F7556}") = "VoteApp.Client", "Client\VoteApp.Client.csproj", "{2B0F3BC5-5777-4334-8298-ED4326266448}"
EndProject
Project("{9A19103F-16F7-4668-BE54-9A1E7A4F7556}") = "VoteApp.DataAccess", "DataAccess\VoteApp.DataAccess.csproj", "{E8C322F8-0939-4BFB-9C7A-C8951C1E054B}"
EndProject
Project("{9A19103F-16F7-4668-BE54-9A1E7A4F7556}") = "VoteApp.Server", "Server\VoteApp.Server.csproj", "{947D052B-A759-4A63-BE09-86718DDBC0B6}"
EndProject
Project("{9A19103F-16F7-4668-BE54-9A1E7A4F7556}") = "VoteApp.Shared", "Shared\VoteApp.Shared.csproj", "{BFF25E63-8EE2-48B9-BF3E-0A7AED527274}"
EndProject
Global
	GlobalSection(SolutionConfigurationPlatforms) = preSolution
		Debug|Any CPU = Debug|Any CPU
		Release|Any CPU = Release|Any CPU
	EndGlobalSection
	GlobalSection(ProjectConfigurationPlatforms) = postSolution
		{7A821450-96B5-47C1-AEF4-05EE44E5B93B}.Debug|Any CPU.ActiveCfg = Debug|Any CPU
		{7A821450-96B5-47C1-AEF4-05EE44E5B93B}.Debug|Any CPU.Build.0 = Debug|Any CPU
		{7A821450-96B5-47C1-AEF4-05EE44E5B93B}.Release|Any CPU.ActiveCfg = Release|Any CPU
		{7A821450-96B5-47C1-AEF4-05EE44E5B93B}.Release|Any CPU.Build.0 = Release|Any CPU
		{2B0F3BC5-5777-4334-8298-ED4326266448}.Debug|Any CPU.ActiveCfg = Debug|Any CPU
		{2B0F3BC5-5777-4334-8298-ED4326266448}.Debug|Any CPU.Build.0 = Debug|Any CPU
		{2B0F3BC5-5777-4334-8298-ED4326266448}.Release|Any CPU.ActiveCfg = Release|Any CPU
		{2B0F3BC5-5777-4334-8298-ED4326266448}.Release|Any CPU.Build.0 = Release|Any CPU
		{E8C322F8-0939-4BFB-9C7A-C8951C1E054B}.Debug|Any CPU.ActiveCfg = Debug|Any CPU
		{E8C322F8-0939-4BFB-9C7A-C8951C1E054B}.Debug|Any CPU.Build.0 = Debug|Any CPU
		{E8C322F8-0939-4BFB-9C7A-C8951C1E054B}.Release|Any CPU.ActiveCfg = Release|Any CPU
		{E8C322F8-0939-4BFB-9C7A-C8951C1E054B}.Release|Any CPU.Build.0 = Release|Any CPU
		{947D052B-A759-4A63-BE09-86718DDBC0B6}.Debug|Any CPU.ActiveCfg = Debug|Any CPU
		{947D052B-A759-4A63-BE09-86718DDBC0B6}.Debug|Any CPU.Build.0 = Debug|Any CPU
		{947D052B-A759-4A63-BE09-86718DDBC0B6}.Release|Any CPU.ActiveCfg = Release|Any CPU
		{947D052B-A759-4A63-BE09-86718DDBC0B6}.Release|Any CPU.Build.0 = Release|Any CPU
		{BFF25E63-8EE2-48B9-BF3E-0A7AED527274}.Debug|Any CPU.ActiveCfg = Debug|Any CPU
		{BFF25E63-8EE2-48B9-BF3E-0A7AED527274}.Debug|Any CPU.Build.0 = Debug|Any CPU
		{BFF25E63-8EE2-48B9-BF3E-0A7AED527274}.Release|Any CPU.ActiveCfg = Release|Any CPU
		{BFF25E63-8EE2-48B9-BF3E-0A7AED527274}.Release|Any CPU.Build.0 = Release|Any CPU
	EndGlobalSection
	GlobalSection(SolutionProperties) = preSolution
		HideSolutionNode = FALSE
	EndGlobalSection
	GlobalSection(ExtensibilityGlobals) = postSolution
		SolutionGuid = {64F84158-3542-4087-A07D-8D2A0371AF45}
	EndGlobalSection
EndGlobal
